
Microsoft Visual Studio Solution File, Format Version 12.00
# Visual Studio Version 16
VisualStudioVersion = 16.0.30711.63
MinimumVisualStudioVersion = 10.0.40219.1
Project("{FAE04EC0-301F-11D3-BF4B-00C04F79EFBC}") = "Daily_Coding_Problem_1", "Daily_Coding_Problem_1.csproj", "{A6037656-F1C1-455C-9918-55D7E601690A}"
EndProject
Global
	GlobalSection(SolutionConfigurationPlatforms) = preSolution
		Debug|Any CPU = Debug|Any CPU
		Release|Any CPU = Release|Any CPU
	EndGlobalSection
	GlobalSection(ProjectConfigurationPlatforms) = postSolution
		{A6037656-F1C1-455C-9918-55D7E601690A}.Debug|Any CPU.ActiveCfg = Debug|Any CPU
		{A6037656-F1C1-455C-9918-55D7E601690A}.Debug|Any CPU.Build.0 = Debug|Any CPU
		{A6037656-F1C1-455C-9918-55D7E601690A}.Release|Any CPU.ActiveCfg = Release|Any CPU
		{A6037656-F1C1-455C-9918-55D7E601690A}.Release|Any CPU.Build.0 = Release|Any CPU
	EndGlobalSection
	GlobalSection(SolutionProperties) = preSolution
		HideSolutionNode = FALSE
	EndGlobalSection
	GlobalSection(ExtensibilityGlobals) = postSolution
		SolutionGuid = {28A1823F-04EB-48D7-B75B-E3D9ACFF331E}
	EndGlobalSection
EndGlobal
